
Microsoft Visual Studio Solution File, Format Version 12.00
# Visual Studio Version 17
VisualStudioVersion = 17.7.34031.279
MinimumVisualStudioVersion = 10.0.40219.1
Project("{9A19103F-16F7-4668-BE54-9A1E7A4F7556}") = "Contacts.Maui", "Contacts.Maui\Contacts.Maui.csproj", "{C0181462-1DDA-4CF0-9C7D-07AB38A97C10}"
EndProject
Project("{9A19103F-16F7-4668-BE54-9A1E7A4F7556}") = "Contacts.CoreBusiness", "Contacts.CoreBusiness\Contacts.CoreBusiness.csproj", "{49AA1AEA-2E41-42C0-9710-112FFD47BF01}"
EndProject
Project("{9A19103F-16F7-4668-BE54-9A1E7A4F7556}") = "Contacts.UseCases", "Contacts.UseCases\Contacts.UseCases.csproj", "{C27A4DF4-DC54-4960-A0DD-DE92C484127A}"
EndProject
Project("{2150E333-8FDC-42A3-9474-1A3956D46DE8}") = "Plugins", "Plugins", "{8C7B6929-8BF6-4D57-80AC-C8C33B80CA0C}"
EndProject
Project("{9A19103F-16F7-4668-BE54-9A1E7A4F7556}") = "Contacts.Plugins.DataStore.InMemory", "Contacts.Plugins.DataStore.InMemory\Contacts.Plugins.DataStore.InMemory.csproj", "{6EAF76B7-504B-4749-A378-3CD46D8E9D40}"
EndProject
Project("{FAE04EC0-301F-11D3-BF4B-00C04F79EFBC}") = "Contacts.Plugins.DataStore.SQLite", "Plugins\Contacts.Plugins.DataStore.SQLite\Contacts.Plugins.DataStore.SQLite.csproj", "{D645A95A-3725-441D-A8E8-763D9D44EAD3}"
EndProject
Global
	GlobalSection(SolutionConfigurationPlatforms) = preSolution
		Debug|Any CPU = Debug|Any CPU
		Release|Any CPU = Release|Any CPU
	EndGlobalSection
	GlobalSection(ProjectConfigurationPlatforms) = postSolution
		{C0181462-1DDA-4CF0-9C7D-07AB38A97C10}.Debug|Any CPU.ActiveCfg = Debug|Any CPU
		{C0181462-1DDA-4CF0-9C7D-07AB38A97C10}.Debug|Any CPU.Build.0 = Debug|Any CPU
		{C0181462-1DDA-4CF0-9C7D-07AB38A97C10}.Debug|Any CPU.Deploy.0 = Debug|Any CPU
		{C0181462-1DDA-4CF0-9C7D-07AB38A97C10}.Release|Any CPU.ActiveCfg = Release|Any CPU
		{C0181462-1DDA-4CF0-9C7D-07AB38A97C10}.Release|Any CPU.Build.0 = Release|Any CPU
		{C0181462-1DDA-4CF0-9C7D-07AB38A97C10}.Release|Any CPU.Deploy.0 = Release|Any CPU
		{49AA1AEA-2E41-42C0-9710-112FFD47BF01}.Debug|Any CPU.ActiveCfg = Debug|Any CPU
		{49AA1AEA-2E41-42C0-9710-112FFD47BF01}.Debug|Any CPU.Build.0 = Debug|Any CPU
		{49AA1AEA-2E41-42C0-9710-112FFD47BF01}.Release|Any CPU.ActiveCfg = Release|Any CPU
		{49AA1AEA-2E41-42C0-9710-112FFD47BF01}.Release|Any CPU.Build.0 = Release|Any CPU
		{C27A4DF4-DC54-4960-A0DD-DE92C484127A}.Debug|Any CPU.ActiveCfg = Debug|Any CPU
		{C27A4DF4-DC54-4960-A0DD-DE92C484127A}.Debug|Any CPU.Build.0 = Debug|Any CPU
		{C27A4DF4-DC54-4960-A0DD-DE92C484127A}.Release|Any CPU.ActiveCfg = Release|Any CPU
		{C27A4DF4-DC54-4960-A0DD-DE92C484127A}.Release|Any CPU.Build.0 = Release|Any CPU
		{6EAF76B7-504B-4749-A378-3CD46D8E9D40}.Debug|Any CPU.ActiveCfg = Debug|Any CPU
		{6EAF76B7-504B-4749-A378-3CD46D8E9D40}.Debug|Any CPU.Build.0 = Debug|Any CPU
		{6EAF76B7-504B-4749-A378-3CD46D8E9D40}.Release|Any CPU.ActiveCfg = Release|Any CPU
		{6EAF76B7-504B-4749-A378-3CD46D8E9D40}.Release|Any CPU.Build.0 = Release|Any CPU
		{D645A95A-3725-441D-A8E8-763D9D44EAD3}.Debug|Any CPU.ActiveCfg = Debug|Any CPU
		{D645A95A-3725-441D-A8E8-763D9D44EAD3}.Debug|Any CPU.Build.0 = Debug|Any CPU
		{D645A95A-3725-441D-A8E8-763D9D44EAD3}.Release|Any CPU.ActiveCfg = Release|Any CPU
		{D645A95A-3725-441D-A8E8-763D9D44EAD3}.Release|Any CPU.Build.0 = Release|Any CPU
	EndGlobalSection
	GlobalSection(SolutionProperties) = preSolution
		HideSolutionNode = FALSE
	EndGlobalSection
	GlobalSection(NestedProjects) = preSolution
		{6EAF76B7-504B-4749-A378-3CD46D8E9D40} = {8C7B6929-8BF6-4D57-80AC-C8C33B80CA0C}
		{D645A95A-3725-441D-A8E8-763D9D44EAD3} = {8C7B6929-8BF6-4D57-80AC-C8C33B80CA0C}
	EndGlobalSection
	GlobalSection(ExtensibilityGlobals) = postSolution
		SolutionGuid = {311E82AE-EE91-4880-AF7A-EB68CF4BC8E5}
	EndGlobalSection
EndGlobal
